<Solution>
  <Folder Name="/Admin/">
    <Project Path="Admin/Admin.csproj" Id="768a861e-46ca-4dae-8f03-a5a1a4cfa546" />
  </Folder>
  <Folder Name="/Api/">
    <Project Path="API/API.csproj" />
  </Folder>
  <Folder Name="/Application/">
    <Project Path="Application/Application.csproj" />
  </Folder>
  <Folder Name="/Data/">
    <Project Path="Data/Data.csproj" />
  </Folder>
  <Folder Name="/Domain/">
    <Project Path="Domain/Domain.csproj" />
  </Folder>
  <Folder Name="/IOC/">
    <Project Path="IOC/IOC.csproj" />
  </Folder>
  <Folder Name="/Solution Items/">
    <File Path="Info.txt" />
  </Folder>
</Solution>
