<Solution>
  <Folder Name="/Api/">
    <Project Path="API/API.csproj" />
  </Folder>
  <Folder Name="/Application/">
    <Project Path="Application/Application.csproj" />
  </Folder>
  <Folder Name="/Data/">
    <Project Path="Data/Data.csproj" />
  </Folder>
  <Folder Name="/Domain/">
    <Project Path="Domain/Domain.csproj" />
  </Folder>
  <Folder Name="/IOC/">
    <Project Path="IOC/IOC.csproj" />
  </Folder>
</Solution>
